
Microsoft Visual Studio Solution File, Format Version 12.00
# Visual Studio 15
VisualStudioVersion = 15.0.28010.2016
MinimumVisualStudioVersion = 10.0.40219.1
Project("{FAE04EC0-301F-11D3-BF4B-00C04F79EFBC}") = "Tools.Clipboard", "Tools.Clipboard\Tools.Clipboard.csproj", "{9F3112B9-E922-4B5E-B3E8-AEA28B02159B}"
EndProject
Project("{FAE04EC0-301F-11D3-BF4B-00C04F79EFBC}") = "Tools.HostFile", "Tools.HostFile\Tools.HostFile.csproj", "{A329AA6C-F235-4841-A3A2-37CEB5745C3F}"
EndProject
Project("{FAE04EC0-301F-11D3-BF4B-00C04F79EFBC}") = "Tools", "Tools\Tools.csproj", "{CF122368-8279-46CA-A29F-43F75F755CD1}"
EndProject
Project("{FAE04EC0-301F-11D3-BF4B-00C04F79EFBC}") = "Tools.Common", "Tools.Common\Tools.Common.csproj", "{17E3EF75-F2CA-414A-AA08-739C87B32AC1}"
EndProject
Project("{2150E333-8FDC-42A3-9474-1A3956D46DE8}") = "Solution Items", "Solution Items", "{611409AF-91C4-4E81-8CA7-8384C14C9CD8}"
	ProjectSection(SolutionItems) = preProject
		README.md = README.md
	EndProjectSection
EndProject
Global
	GlobalSection(SolutionConfigurationPlatforms) = preSolution
		Debug|Any CPU = Debug|Any CPU
		Debug|x64 = Debug|x64
		Release|Any CPU = Release|Any CPU
		Release|x64 = Release|x64
	EndGlobalSection
	GlobalSection(ProjectConfigurationPlatforms) = postSolution
		{9F3112B9-E922-4B5E-B3E8-AEA28B02159B}.Debug|Any CPU.ActiveCfg = Debug|Any CPU
		{9F3112B9-E922-4B5E-B3E8-AEA28B02159B}.Debug|Any CPU.Build.0 = Debug|Any CPU
		{9F3112B9-E922-4B5E-B3E8-AEA28B02159B}.Debug|x64.ActiveCfg = Debug|x64
		{9F3112B9-E922-4B5E-B3E8-AEA28B02159B}.Debug|x64.Build.0 = Debug|x64
		{9F3112B9-E922-4B5E-B3E8-AEA28B02159B}.Release|Any CPU.ActiveCfg = Release|Any CPU
		{9F3112B9-E922-4B5E-B3E8-AEA28B02159B}.Release|Any CPU.Build.0 = Release|Any CPU
		{9F3112B9-E922-4B5E-B3E8-AEA28B02159B}.Release|x64.ActiveCfg = Release|x64
		{9F3112B9-E922-4B5E-B3E8-AEA28B02159B}.Release|x64.Build.0 = Release|x64
		{A329AA6C-F235-4841-A3A2-37CEB5745C3F}.Debug|Any CPU.ActiveCfg = Debug|Any CPU
		{A329AA6C-F235-4841-A3A2-37CEB5745C3F}.Debug|Any CPU.Build.0 = Debug|Any CPU
		{A329AA6C-F235-4841-A3A2-37CEB5745C3F}.Debug|x64.ActiveCfg = Debug|x64
		{A329AA6C-F235-4841-A3A2-37CEB5745C3F}.Debug|x64.Build.0 = Debug|x64
		{A329AA6C-F235-4841-A3A2-37CEB5745C3F}.Release|Any CPU.ActiveCfg = Release|Any CPU
		{A329AA6C-F235-4841-A3A2-37CEB5745C3F}.Release|Any CPU.Build.0 = Release|Any CPU
		{A329AA6C-F235-4841-A3A2-37CEB5745C3F}.Release|x64.ActiveCfg = Release|x64
		{A329AA6C-F235-4841-A3A2-37CEB5745C3F}.Release|x64.Build.0 = Release|x64
		{CF122368-8279-46CA-A29F-43F75F755CD1}.Debug|Any CPU.ActiveCfg = Debug|Any CPU
		{CF122368-8279-46CA-A29F-43F75F755CD1}.Debug|Any CPU.Build.0 = Debug|Any CPU
		{CF122368-8279-46CA-A29F-43F75F755CD1}.Debug|x64.ActiveCfg = Debug|x64
		{CF122368-8279-46CA-A29F-43F75F755CD1}.Debug|x64.Build.0 = Debug|x64
		{CF122368-8279-46CA-A29F-43F75F755CD1}.Release|Any CPU.ActiveCfg = Release|Any CPU
		{CF122368-8279-46CA-A29F-43F75F755CD1}.Release|Any CPU.Build.0 = Release|Any CPU
		{CF122368-8279-46CA-A29F-43F75F755CD1}.Release|x64.ActiveCfg = Release|x64
		{CF122368-8279-46CA-A29F-43F75F755CD1}.Release|x64.Build.0 = Release|x64
		{17E3EF75-F2CA-414A-AA08-739C87B32AC1}.Debug|Any CPU.ActiveCfg = Debug|Any CPU
		{17E3EF75-F2CA-414A-AA08-739C87B32AC1}.Debug|Any CPU.Build.0 = Debug|Any CPU
		{17E3EF75-F2CA-414A-AA08-739C87B32AC1}.Debug|x64.ActiveCfg = Debug|x64
		{17E3EF75-F2CA-414A-AA08-739C87B32AC1}.Debug|x64.Build.0 = Debug|x64
		{17E3EF75-F2CA-414A-AA08-739C87B32AC1}.Release|Any CPU.ActiveCfg = Release|Any CPU
		{17E3EF75-F2CA-414A-AA08-739C87B32AC1}.Release|Any CPU.Build.0 = Release|Any CPU
		{17E3EF75-F2CA-414A-AA08-739C87B32AC1}.Release|x64.ActiveCfg = Release|x64
		{17E3EF75-F2CA-414A-AA08-739C87B32AC1}.Release|x64.Build.0 = Release|x64
	EndGlobalSection
	GlobalSection(SolutionProperties) = preSolution
		HideSolutionNode = FALSE
	EndGlobalSection
	GlobalSection(ExtensibilityGlobals) = postSolution
		SolutionGuid = {BFCB78E1-9863-4B41-ADA1-D29511A81FDC}
	EndGlobalSection
EndGlobal
